
Microsoft Visual Studio Solution File, Format Version 12.00
# Visual Studio Version 16
VisualStudioVersion = 16.0.30011.22
MinimumVisualStudioVersion = 10.0.40219.1
Project("{FAE04EC0-301F-11D3-BF4B-00C04F79EFBC}") = "start_1", "start_1\start_1.csproj", "{AD3000AE-F121-4797-BC7F-4CD1E8F9833A}"
EndProject
Global
	GlobalSection(SolutionConfigurationPlatforms) = preSolution
		Debug|Any CPU = Debug|Any CPU
		Release|Any CPU = Release|Any CPU
	EndGlobalSection
	GlobalSection(ProjectConfigurationPlatforms) = postSolution
		{AD3000AE-F121-4797-BC7F-4CD1E8F9833A}.Debug|Any CPU.ActiveCfg = Debug|Any CPU
		{AD3000AE-F121-4797-BC7F-4CD1E8F9833A}.Debug|Any CPU.Build.0 = Debug|Any CPU
		{AD3000AE-F121-4797-BC7F-4CD1E8F9833A}.Release|Any CPU.ActiveCfg = Release|Any CPU
		{AD3000AE-F121-4797-BC7F-4CD1E8F9833A}.Release|Any CPU.Build.0 = Release|Any CPU
	EndGlobalSection
	GlobalSection(SolutionProperties) = preSolution
		HideSolutionNode = FALSE
	EndGlobalSection
	GlobalSection(ExtensibilityGlobals) = postSolution
		SolutionGuid = {3125E8D2-BD81-496E-88A3-84B68FF8B806}
	EndGlobalSection
EndGlobal
